
Microsoft Visual Studio Solution File, Format Version 12.00
# Visual Studio 15
VisualStudioVersion = 15.0.28010.2041
MinimumVisualStudioVersion = 10.0.40219.1
Project("{888888A0-9F3D-457C-B088-3A5042F75D52}") = "cacc_rl", "cacc_rl\cacc_rl.pyproj", "{9FD923BA-4706-412C-A455-ADE8CDA46F0B}"
EndProject
Global
	GlobalSection(SolutionConfigurationPlatforms) = preSolution
		Debug|Any CPU = Debug|Any CPU
		Release|Any CPU = Release|Any CPU
	EndGlobalSection
	GlobalSection(ProjectConfigurationPlatforms) = postSolution
		{9FD923BA-4706-412C-A455-ADE8CDA46F0B}.Debug|Any CPU.ActiveCfg = Debug|Any CPU
		{9FD923BA-4706-412C-A455-ADE8CDA46F0B}.Release|Any CPU.ActiveCfg = Release|Any CPU
	EndGlobalSection
	GlobalSection(SolutionProperties) = preSolution
		HideSolutionNode = FALSE
	EndGlobalSection
	GlobalSection(ExtensibilityGlobals) = postSolution
		SolutionGuid = {4597556C-BC89-41CA-B264-B41DD0B2556C}
	EndGlobalSection
EndGlobal
